
Microsoft Visual Studio Solution File, Format Version 12.00
# Visual Studio Version 17
VisualStudioVersion = 17.3.32929.385
MinimumVisualStudioVersion = 10.0.40219.1
Project("{FAE04EC0-301F-11D3-BF4B-00C04F79EFBC}") = "AraçKiralama2023", "AraçKiralama2023\AraçKiralama2023.csproj", "{C4068BA3-1FC9-48E8-AF02-0DE49169101B}"
EndProject
Global
	GlobalSection(SolutionConfigurationPlatforms) = preSolution
		Debug|Any CPU = Debug|Any CPU
		Release|Any CPU = Release|Any CPU
	EndGlobalSection
	GlobalSection(ProjectConfigurationPlatforms) = postSolution
		{C4068BA3-1FC9-48E8-AF02-0DE49169101B}.Debug|Any CPU.ActiveCfg = Debug|Any CPU
		{C4068BA3-1FC9-48E8-AF02-0DE49169101B}.Debug|Any CPU.Build.0 = Debug|Any CPU
		{C4068BA3-1FC9-48E8-AF02-0DE49169101B}.Release|Any CPU.ActiveCfg = Release|Any CPU
		{C4068BA3-1FC9-48E8-AF02-0DE49169101B}.Release|Any CPU.Build.0 = Release|Any CPU
	EndGlobalSection
	GlobalSection(SolutionProperties) = preSolution
		HideSolutionNode = FALSE
	EndGlobalSection
	GlobalSection(ExtensibilityGlobals) = postSolution
		SolutionGuid = {AD2509C3-3D0C-4CED-9605-0BAC93EA1385}
	EndGlobalSection
EndGlobal
